{
  "name": "prettier-plugin-gamemaker",
  "requires": true,
  "lockfileVersion": 1,
  "dependencies": {
    "gamemaker-language-parser": {
      "version": "file:../parser",
      "requires": {
        "antlr4": "^4.12.0"
      },
      "dependencies": {
        "antlr4": {
          "version": "4.13.0",
          "bundled": true
        }
      }
    },
    "prettier": {
      "version": "3.0.0",
      "resolved": "https://registry.npmjs.org/prettier/-/prettier-3.0.0.tgz",
      "integrity": "sha512-zBf5eHpwHOGPC47h0zrPyNn+eAEIdEzfywMoYn2XPi0P44Zp0tSq64rq0xAREh4auw2cJZHo9QUob+NqCQky4g=="
    }
  }
}
