{
  "name": "prettier-plugin-gamemaker",
  "lockfileVersion": 3,
  "requires": true,
  "packages": {
    "": {
      "name": "prettier-plugin-gamemaker",
      "dependencies": {
        "gamemaker-language-parser": "file:../parser",
        "prettier": "^3.0.1"
      }
    },
    "../parser": {
      "name": "gamemaker-language-parser",
      "version": "0.0.1",
      "bundleDependencies": [
        "antlr4"
      ],
      "dependencies": {
        "antlr4": "^4.12.0"
      }
    },
    "../parser/node_modules/antlr4": {
      "version": "4.13.0",
      "inBundle": true
    },
    "node_modules/gamemaker-language-parser": {
      "resolved": "../parser",
      "link": true
    },
    "node_modules/prettier": {
      "version": "3.0.1",
      "resolved": "https://registry.npmjs.org/prettier/-/prettier-3.0.1.tgz",
      "integrity": "sha512-fcOWSnnpCrovBsmFZIGIy9UqK2FaI7Hqax+DIO0A9UxeVoY4iweyaFjS5TavZN97Hfehph0nhsZnjlVKzEQSrQ==",
      "bin": {
        "prettier": "bin/prettier.cjs"
      },
      "engines": {
        "node": ">=14"
      },
      "funding": {
        "url": "https://github.com/prettier/prettier?sponsor=1"
      }
    }
  }
}
